
Microsoft Visual Studio Solution File, Format Version 12.00
# Visual Studio Version 16
VisualStudioVersion = 16.0.29911.84
MinimumVisualStudioVersion = 10.0.40219.1
Project("{9092AA53-FB77-4645-B42D-1CCCA6BD08BD}") = "Price Agregator", "Price Agregator\Price Agregator.njsproj", "{8B68401B-5404-4C2E-84F2-2CB0E0F24944}"
EndProject
Global
	GlobalSection(SolutionConfigurationPlatforms) = preSolution
		Debug|Any CPU = Debug|Any CPU
		Release|Any CPU = Release|Any CPU
	EndGlobalSection
	GlobalSection(ProjectConfigurationPlatforms) = postSolution
		{8B68401B-5404-4C2E-84F2-2CB0E0F24944}.Debug|Any CPU.ActiveCfg = Debug|Any CPU
		{8B68401B-5404-4C2E-84F2-2CB0E0F24944}.Debug|Any CPU.Build.0 = Debug|Any CPU
		{8B68401B-5404-4C2E-84F2-2CB0E0F24944}.Release|Any CPU.ActiveCfg = Release|Any CPU
		{8B68401B-5404-4C2E-84F2-2CB0E0F24944}.Release|Any CPU.Build.0 = Release|Any CPU
	EndGlobalSection
	GlobalSection(SolutionProperties) = preSolution
		HideSolutionNode = FALSE
	EndGlobalSection
	GlobalSection(ExtensibilityGlobals) = postSolution
		SolutionGuid = {4349BB19-5D78-4454-B8C3-30E24AA03AD3}
	EndGlobalSection
EndGlobal
